
Microsoft Visual Studio Solution File, Format Version 12.00
# Visual Studio 2013
VisualStudioVersion = 12.0.21005.1
MinimumVisualStudioVersion = 10.0.40219.1
Project("{8BC9CEB8-8B4A-11D0-8D11-00A0C91BC942}") = "StereoMatch", "StereoMatch\StereoMatch.vcxproj", "{FF8BC96A-4DB8-3250-A5C2-2F8E996C6A74}"
EndProject
Project("{8BC9CEB8-8B4A-11D0-8D11-00A0C91BC942}") = "StereoPhoto", "StereoPhoto\StereoPhoto.vcxproj", "{5458DE9B-30DB-44B0-8D3B-25890AE24A18}"
EndProject
Project("{8BC9CEB8-8B4A-11D0-8D11-00A0C91BC942}") = "StereoVision", "StereoVision\StereoVision.vcxproj", "{FDBDA5D4-D467-4738-902D-5FEDA8BF87B6}"
EndProject
Project("{8BC9CEB8-8B4A-11D0-8D11-00A0C91BC942}") = "StereoProjectPoints", "StereoProjectPoints\StereoProjectPoints.vcxproj", "{117BE85D-6412-41B7-90C0-ADD51A67BA5B}"
EndProject
Global
	GlobalSection(SolutionConfigurationPlatforms) = preSolution
		Debug_CV300|Mixed Platforms = Debug_CV300|Mixed Platforms
		Debug_CV300|Win32 = Debug_CV300|Win32
		Debug_CV300|x64 = Debug_CV300|x64
		Debug_CV310|Mixed Platforms = Debug_CV310|Mixed Platforms
		Debug_CV310|Win32 = Debug_CV310|Win32
		Debug_CV310|x64 = Debug_CV310|x64
		Release_CV300|Mixed Platforms = Release_CV300|Mixed Platforms
		Release_CV300|Win32 = Release_CV300|Win32
		Release_CV300|x64 = Release_CV300|x64
		Release_CV310|Mixed Platforms = Release_CV310|Mixed Platforms
		Release_CV310|Win32 = Release_CV310|Win32
		Release_CV310|x64 = Release_CV310|x64
	EndGlobalSection
	GlobalSection(ProjectConfigurationPlatforms) = postSolution
		{FF8BC96A-4DB8-3250-A5C2-2F8E996C6A74}.Debug_CV300|Mixed Platforms.ActiveCfg = Debug_CV300|x64
		{FF8BC96A-4DB8-3250-A5C2-2F8E996C6A74}.Debug_CV300|Mixed Platforms.Build.0 = Debug_CV300|x64
		{FF8BC96A-4DB8-3250-A5C2-2F8E996C6A74}.Debug_CV300|Win32.ActiveCfg = Debug_CV300|x64
		{FF8BC96A-4DB8-3250-A5C2-2F8E996C6A74}.Debug_CV300|x64.ActiveCfg = Debug_CV300|x64
		{FF8BC96A-4DB8-3250-A5C2-2F8E996C6A74}.Debug_CV300|x64.Build.0 = Debug_CV300|x64
		{FF8BC96A-4DB8-3250-A5C2-2F8E996C6A74}.Debug_CV310|Mixed Platforms.ActiveCfg = Debug_CV310|x64
		{FF8BC96A-4DB8-3250-A5C2-2F8E996C6A74}.Debug_CV310|Mixed Platforms.Build.0 = Debug_CV310|x64
		{FF8BC96A-4DB8-3250-A5C2-2F8E996C6A74}.Debug_CV310|Win32.ActiveCfg = Debug_CV310|x64
		{FF8BC96A-4DB8-3250-A5C2-2F8E996C6A74}.Debug_CV310|x64.ActiveCfg = Debug_CV310|x64
		{FF8BC96A-4DB8-3250-A5C2-2F8E996C6A74}.Debug_CV310|x64.Build.0 = Debug_CV310|x64
		{FF8BC96A-4DB8-3250-A5C2-2F8E996C6A74}.Release_CV300|Mixed Platforms.ActiveCfg = Release_CV300|x64
		{FF8BC96A-4DB8-3250-A5C2-2F8E996C6A74}.Release_CV300|Mixed Platforms.Build.0 = Release_CV300|x64
		{FF8BC96A-4DB8-3250-A5C2-2F8E996C6A74}.Release_CV300|Win32.ActiveCfg = Release_CV300|x64
		{FF8BC96A-4DB8-3250-A5C2-2F8E996C6A74}.Release_CV300|x64.ActiveCfg = Release_CV300|x64
		{FF8BC96A-4DB8-3250-A5C2-2F8E996C6A74}.Release_CV300|x64.Build.0 = Release_CV300|x64
		{FF8BC96A-4DB8-3250-A5C2-2F8E996C6A74}.Release_CV310|Mixed Platforms.ActiveCfg = Release_CV310|x64
		{FF8BC96A-4DB8-3250-A5C2-2F8E996C6A74}.Release_CV310|Mixed Platforms.Build.0 = Release_CV310|x64
		{FF8BC96A-4DB8-3250-A5C2-2F8E996C6A74}.Release_CV310|Win32.ActiveCfg = Release_CV310|x64
		{FF8BC96A-4DB8-3250-A5C2-2F8E996C6A74}.Release_CV310|x64.ActiveCfg = Release_CV310|x64
		{FF8BC96A-4DB8-3250-A5C2-2F8E996C6A74}.Release_CV310|x64.Build.0 = Release_CV310|x64
		{5458DE9B-30DB-44B0-8D3B-25890AE24A18}.Debug_CV300|Mixed Platforms.ActiveCfg = Debug_CV300|x64
		{5458DE9B-30DB-44B0-8D3B-25890AE24A18}.Debug_CV300|Mixed Platforms.Build.0 = Debug_CV300|x64
		{5458DE9B-30DB-44B0-8D3B-25890AE24A18}.Debug_CV300|Win32.ActiveCfg = Debug_CV300|x64
		{5458DE9B-30DB-44B0-8D3B-25890AE24A18}.Debug_CV300|x64.ActiveCfg = Debug_CV300|x64
		{5458DE9B-30DB-44B0-8D3B-25890AE24A18}.Debug_CV300|x64.Build.0 = Debug_CV300|x64
		{5458DE9B-30DB-44B0-8D3B-25890AE24A18}.Debug_CV310|Mixed Platforms.ActiveCfg = Debug_CV300|x64
		{5458DE9B-30DB-44B0-8D3B-25890AE24A18}.Debug_CV310|Mixed Platforms.Build.0 = Debug_CV300|x64
		{5458DE9B-30DB-44B0-8D3B-25890AE24A18}.Debug_CV310|Win32.ActiveCfg = Debug_CV300|x64
		{5458DE9B-30DB-44B0-8D3B-25890AE24A18}.Debug_CV310|x64.ActiveCfg = Debug_CV300|x64
		{5458DE9B-30DB-44B0-8D3B-25890AE24A18}.Debug_CV310|x64.Build.0 = Debug_CV300|x64
		{5458DE9B-30DB-44B0-8D3B-25890AE24A18}.Release_CV300|Mixed Platforms.ActiveCfg = Release_CV300|x64
		{5458DE9B-30DB-44B0-8D3B-25890AE24A18}.Release_CV300|Mixed Platforms.Build.0 = Release_CV300|x64
		{5458DE9B-30DB-44B0-8D3B-25890AE24A18}.Release_CV300|Win32.ActiveCfg = Release_CV300|x64
		{5458DE9B-30DB-44B0-8D3B-25890AE24A18}.Release_CV300|x64.ActiveCfg = Release_CV300|x64
		{5458DE9B-30DB-44B0-8D3B-25890AE24A18}.Release_CV300|x64.Build.0 = Release_CV300|x64
		{5458DE9B-30DB-44B0-8D3B-25890AE24A18}.Release_CV310|Mixed Platforms.ActiveCfg = Release_CV300|x64
		{5458DE9B-30DB-44B0-8D3B-25890AE24A18}.Release_CV310|Mixed Platforms.Build.0 = Release_CV300|x64
		{5458DE9B-30DB-44B0-8D3B-25890AE24A18}.Release_CV310|Win32.ActiveCfg = Release_CV300|x64
		{5458DE9B-30DB-44B0-8D3B-25890AE24A18}.Release_CV310|x64.ActiveCfg = Release_CV300|x64
		{5458DE9B-30DB-44B0-8D3B-25890AE24A18}.Release_CV310|x64.Build.0 = Release_CV300|x64
		{FDBDA5D4-D467-4738-902D-5FEDA8BF87B6}.Debug_CV300|Mixed Platforms.ActiveCfg = Debug_CV300|x64
		{FDBDA5D4-D467-4738-902D-5FEDA8BF87B6}.Debug_CV300|Mixed Platforms.Build.0 = Debug_CV300|x64
		{FDBDA5D4-D467-4738-902D-5FEDA8BF87B6}.Debug_CV300|Win32.ActiveCfg = Debug_CV300|x64
		{FDBDA5D4-D467-4738-902D-5FEDA8BF87B6}.Debug_CV300|x64.ActiveCfg = Debug_CV300|x64
		{FDBDA5D4-D467-4738-902D-5FEDA8BF87B6}.Debug_CV300|x64.Build.0 = Debug_CV300|x64
		{FDBDA5D4-D467-4738-902D-5FEDA8BF87B6}.Debug_CV310|Mixed Platforms.ActiveCfg = Debug_CV310|x64
		{FDBDA5D4-D467-4738-902D-5FEDA8BF87B6}.Debug_CV310|Mixed Platforms.Build.0 = Debug_CV310|x64
		{FDBDA5D4-D467-4738-902D-5FEDA8BF87B6}.Debug_CV310|Win32.ActiveCfg = Debug_CV310|x64
		{FDBDA5D4-D467-4738-902D-5FEDA8BF87B6}.Debug_CV310|x64.ActiveCfg = Debug_CV310|x64
		{FDBDA5D4-D467-4738-902D-5FEDA8BF87B6}.Debug_CV310|x64.Build.0 = Debug_CV310|x64
		{FDBDA5D4-D467-4738-902D-5FEDA8BF87B6}.Release_CV300|Mixed Platforms.ActiveCfg = Release_CV300|x64
		{FDBDA5D4-D467-4738-902D-5FEDA8BF87B6}.Release_CV300|Mixed Platforms.Build.0 = Release_CV300|x64
		{FDBDA5D4-D467-4738-902D-5FEDA8BF87B6}.Release_CV300|Win32.ActiveCfg = Release_CV300|x64
		{FDBDA5D4-D467-4738-902D-5FEDA8BF87B6}.Release_CV300|x64.ActiveCfg = Release_CV300|x64
		{FDBDA5D4-D467-4738-902D-5FEDA8BF87B6}.Release_CV300|x64.Build.0 = Release_CV300|x64
		{FDBDA5D4-D467-4738-902D-5FEDA8BF87B6}.Release_CV310|Mixed Platforms.ActiveCfg = Release_CV310|x64
		{FDBDA5D4-D467-4738-902D-5FEDA8BF87B6}.Release_CV310|Mixed Platforms.Build.0 = Release_CV310|x64
		{FDBDA5D4-D467-4738-902D-5FEDA8BF87B6}.Release_CV310|Win32.ActiveCfg = Release_CV310|x64
		{FDBDA5D4-D467-4738-902D-5FEDA8BF87B6}.Release_CV310|x64.ActiveCfg = Release_CV310|x64
		{FDBDA5D4-D467-4738-902D-5FEDA8BF87B6}.Release_CV310|x64.Build.0 = Release_CV310|x64
		{117BE85D-6412-41B7-90C0-ADD51A67BA5B}.Debug_CV300|Mixed Platforms.ActiveCfg = Debug_CV300|x64
		{117BE85D-6412-41B7-90C0-ADD51A67BA5B}.Debug_CV300|Mixed Platforms.Build.0 = Debug_CV300|x64
		{117BE85D-6412-41B7-90C0-ADD51A67BA5B}.Debug_CV300|Win32.ActiveCfg = Debug_CV300|x64
		{117BE85D-6412-41B7-90C0-ADD51A67BA5B}.Debug_CV300|x64.ActiveCfg = Debug_CV300|x64
		{117BE85D-6412-41B7-90C0-ADD51A67BA5B}.Debug_CV300|x64.Build.0 = Debug_CV300|x64
		{117BE85D-6412-41B7-90C0-ADD51A67BA5B}.Debug_CV310|Mixed Platforms.ActiveCfg = Debug_CV300|x64
		{117BE85D-6412-41B7-90C0-ADD51A67BA5B}.Debug_CV310|Mixed Platforms.Build.0 = Debug_CV300|x64
		{117BE85D-6412-41B7-90C0-ADD51A67BA5B}.Debug_CV310|Win32.ActiveCfg = Debug_CV300|x64
		{117BE85D-6412-41B7-90C0-ADD51A67BA5B}.Debug_CV310|x64.ActiveCfg = Debug_CV300|x64
		{117BE85D-6412-41B7-90C0-ADD51A67BA5B}.Debug_CV310|x64.Build.0 = Debug_CV300|x64
		{117BE85D-6412-41B7-90C0-ADD51A67BA5B}.Release_CV300|Mixed Platforms.ActiveCfg = Release_CV300|x64
		{117BE85D-6412-41B7-90C0-ADD51A67BA5B}.Release_CV300|Mixed Platforms.Build.0 = Release_CV300|x64
		{117BE85D-6412-41B7-90C0-ADD51A67BA5B}.Release_CV300|Win32.ActiveCfg = Release_CV300|x64
		{117BE85D-6412-41B7-90C0-ADD51A67BA5B}.Release_CV300|x64.ActiveCfg = Release_CV300|x64
		{117BE85D-6412-41B7-90C0-ADD51A67BA5B}.Release_CV300|x64.Build.0 = Release_CV300|x64
		{117BE85D-6412-41B7-90C0-ADD51A67BA5B}.Release_CV310|Mixed Platforms.ActiveCfg = Release_CV300|x64
		{117BE85D-6412-41B7-90C0-ADD51A67BA5B}.Release_CV310|Mixed Platforms.Build.0 = Release_CV300|x64
		{117BE85D-6412-41B7-90C0-ADD51A67BA5B}.Release_CV310|Win32.ActiveCfg = Release_CV300|x64
		{117BE85D-6412-41B7-90C0-ADD51A67BA5B}.Release_CV310|x64.ActiveCfg = Release_CV300|x64
		{117BE85D-6412-41B7-90C0-ADD51A67BA5B}.Release_CV310|x64.Build.0 = Release_CV300|x64
	EndGlobalSection
	GlobalSection(SolutionProperties) = preSolution
		HideSolutionNode = FALSE
	EndGlobalSection
EndGlobal
