<?xml version="1.0" encoding="utf-8"?>
<Project ToolsVersion="12.0" xmlns="http://schemas.microsoft.com/developer/msbuild/2003">
  <ItemGroup>
    <CustomBuild Include="D:\hy_code\OpenCV\opencv\sources\samples\cpp\CMakeLists.txt" />
  </ItemGroup>
  <ItemGroup>
    <Filter Include="Source Files">
      <UniqueIdentifier>{457200DF-051B-33B6-A0B8-C9289F50C913}</UniqueIdentifier>
    </Filter>
  </ItemGroup>
  <ItemGroup>
    <ClCompile Include="..\Src\Stereo\StereoMatch.cpp">
      <Filter>Source Files</Filter>
    </ClCompile>
  </ItemGroup>
  <ItemGroup>
    <ClInclude Include="..\Src\Common\TqcLog.h">
      <Filter>Source Files</Filter>
    </ClInclude>
    <ClInclude Include="..\Src\Stereo\Config.h">
      <Filter>Source Files</Filter>
    </ClInclude>
    <ClInclude Include="..\Src\Stereo\StereoVision.h">
      <Filter>Source Files</Filter>
    </ClInclude>
    <ClInclude Include="..\Src\Common\TqcUtils.h">
      <Filter>Source Files</Filter>
    </ClInclude>
  </ItemGroup>
</Project>